
Microsoft Visual Studio Solution File, Format Version 12.00
# Visual Studio Version 16
VisualStudioVersion = 16.0.808.3
MinimumVisualStudioVersion = 10.0.40219.1
Project("{FAE04EC0-301F-11D3-BF4B-00C04F79EFBC}") = "stripe-checkout-demo", "stripe-checkout-demo.csproj", "{002F6D34-A85B-4C08-874B-035521CD7046}"
EndProject
Project("{2150E333-8FDC-42A3-9474-1A3956D46DE8}") = "Solution Items", "Solution Items", "{2B31DFEC-75B7-4434-B138-3DB73018A562}"
	ProjectSection(SolutionItems) = preProject
		..\README.md = ..\README.md
	EndProjectSection
EndProject
Global
	GlobalSection(SolutionConfigurationPlatforms) = preSolution
		Debug|Any CPU = Debug|Any CPU
		Release|Any CPU = Release|Any CPU
	EndGlobalSection
	GlobalSection(ProjectConfigurationPlatforms) = postSolution
		{002F6D34-A85B-4C08-874B-035521CD7046}.Debug|Any CPU.ActiveCfg = Debug|Any CPU
		{002F6D34-A85B-4C08-874B-035521CD7046}.Debug|Any CPU.Build.0 = Debug|Any CPU
		{002F6D34-A85B-4C08-874B-035521CD7046}.Release|Any CPU.ActiveCfg = Release|Any CPU
		{002F6D34-A85B-4C08-874B-035521CD7046}.Release|Any CPU.Build.0 = Release|Any CPU
	EndGlobalSection
	GlobalSection(SolutionProperties) = preSolution
		HideSolutionNode = FALSE
	EndGlobalSection
	GlobalSection(ExtensibilityGlobals) = postSolution
		SolutionGuid = {91942E28-D97E-41DC-B442-B9D2033392EA}
	EndGlobalSection
EndGlobal
